
Microsoft Visual Studio Solution File, Format Version 12.00
# Visual Studio 2013
VisualStudioVersion = 12.0.21005.1
MinimumVisualStudioVersion = 10.0.40219.1
Project("{FAE04EC0-301F-11D3-BF4B-00C04F79EFBC}") = "ConsoleApplicationNOD", "ConsoleApplicationNOD\ConsoleApplicationNOD.csproj", "{B2644BA2-3100-4800-B5A0-BB80C6BB58A0}"
EndProject
Project("{FAE04EC0-301F-11D3-BF4B-00C04F79EFBC}") = "NOD", "..\NOD\NOD\NOD.csproj", "{5DE3946C-1394-410C-BFF4-102A8413C25F}"
EndProject
Global
	GlobalSection(SolutionConfigurationPlatforms) = preSolution
		Debug|Any CPU = Debug|Any CPU
		Release|Any CPU = Release|Any CPU
	EndGlobalSection
	GlobalSection(ProjectConfigurationPlatforms) = postSolution
		{B2644BA2-3100-4800-B5A0-BB80C6BB58A0}.Debug|Any CPU.ActiveCfg = Debug|Any CPU
		{B2644BA2-3100-4800-B5A0-BB80C6BB58A0}.Debug|Any CPU.Build.0 = Debug|Any CPU
		{B2644BA2-3100-4800-B5A0-BB80C6BB58A0}.Release|Any CPU.ActiveCfg = Release|Any CPU
		{B2644BA2-3100-4800-B5A0-BB80C6BB58A0}.Release|Any CPU.Build.0 = Release|Any CPU
		{5DE3946C-1394-410C-BFF4-102A8413C25F}.Debug|Any CPU.ActiveCfg = Debug|Any CPU
		{5DE3946C-1394-410C-BFF4-102A8413C25F}.Debug|Any CPU.Build.0 = Debug|Any CPU
		{5DE3946C-1394-410C-BFF4-102A8413C25F}.Release|Any CPU.ActiveCfg = Release|Any CPU
		{5DE3946C-1394-410C-BFF4-102A8413C25F}.Release|Any CPU.Build.0 = Release|Any CPU
	EndGlobalSection
	GlobalSection(SolutionProperties) = preSolution
		HideSolutionNode = FALSE
	EndGlobalSection
EndGlobal
